{
  "requires": true,
  "lockfileVersion": 1,
  "dependencies": {
    "@minui/wxc-loadmore": {
      "version": "1.0.5",
      "resolved": "https://registry.npmjs.org/@minui/wxc-loadmore/-/wxc-loadmore-1.0.5.tgz",
      "integrity": "sha512-6OZeT0acn99QgB6hkWsj3tI2eXrI5ag6tqeZNctgN4wrkK7b/fOqGrH00kfL81tQY6P8I8Klg2g+ibYyxrV3VQ=="
    }
  }
}
